// !$*UTF8*$!
{
	archiveVersion = 1;
	classes = {
	};
	objectVersion = 46;
	objects = {

/* Begin PBXBuildFile section */
		64FBC21B625C43E58F2F24B4 /* Pods_Campanero.framework in Frameworks */ = {isa = PBXBuildFile; fileRef = 12D52F425CC5336CE0EC7D9C /* Pods_Campanero.framework */; };
		8943DB2C1D39844E00B7390A /* AppDelegate.swift in Sources */ = {isa = PBXBuildFile; fileRef = 8943DB2B1D39844E00B7390A /* AppDelegate.swift */; };
		8943DB2E1D39844E00B7390A /* ViewController.swift in Sources */ = {isa = PBXBuildFile; fileRef = 8943DB2D1D39844E00B7390A /* ViewController.swift */; };
		8943DB311D39844E00B7390A /* Main.storyboard in Resources */ = {isa = PBXBuildFile; fileRef = 8943DB2F1D39844E00B7390A /* Main.storyboard */; };
		8943DB341D39844E00B7390A /* Campanero.xcdatamodeld in Sources */ = {isa = PBXBuildFile; fileRef = 8943DB321D39844E00B7390A /* Campanero.xcdatamodeld */; };
		8943DB361D39844E00B7390A /* Assets.xcassets in Resources */ = {isa = PBXBuildFile; fileRef = 8943DB351D39844E00B7390A /* Assets.xcassets */; };
		8943DB391D39844E00B7390A /* LaunchScreen.storyboard in Resources */ = {isa = PBXBuildFile; fileRef = 8943DB371D39844E00B7390A /* LaunchScreen.storyboard */; };
		8943DB441D39844E00B7390A /* CampaneroTests.swift in Sources */ = {isa = PBXBuildFile; fileRef = 8943DB431D39844E00B7390A /* CampaneroTests.swift */; };
		8943DB4F1D39844E00B7390A /* CampaneroUITests.swift in Sources */ = {isa = PBXBuildFile; fileRef = 8943DB4E1D39844E00B7390A /* CampaneroUITests.swift */; };
		8943DB5D1D3B22CC00B7390A /* 1 Launch screen.png in Resources */ = {isa = PBXBuildFile; fileRef = 8943DB5C1D3B22CC00B7390A /* 1 Launch screen.png */; };
/* End PBXBuildFile section */

/* Begin PBXContainerItemProxy section */
		8943DB401D39844E00B7390A /* PBXContainerItemProxy */ = {
			isa = PBXContainerItemProxy;
			containerPortal = 8943DB201D39844D00B7390A /* Project object */;
			proxyType = 1;
			remoteGlobalIDString = 8943DB271D39844D00B7390A;
			remoteInfo = Campanero;
		};
		8943DB4B1D39844E00B7390A /* PBXContainerItemProxy */ = {
			isa = PBXContainerItemProxy;
			containerPortal = 8943DB201D39844D00B7390A /* Project object */;
			proxyType = 1;
			remoteGlobalIDString = 8943DB271D39844D00B7390A;
			remoteInfo = Campanero;
		};
/* End PBXContainerItemProxy section */

/* Begin PBXFileReference section */
		12D52F425CC5336CE0EC7D9C /* Pods_Campanero.framework */ = {isa = PBXFileReference; explicitFileType = wrapper.framework; includeInIndex = 0; path = Pods_Campanero.framework; sourceTree = BUILT_PRODUCTS_DIR; };
		8943DB281D39844D00B7390A /* Campanero.app */ = {isa = PBXFileReference; explicitFileType = wrapper.application; includeInIndex = 0; path = Campanero.app; sourceTree = BUILT_PRODUCTS_DIR; };
		8943DB2B1D39844E00B7390A /* AppDelegate.swift */ = {isa = PBXFileReference; lastKnownFileType = sourcecode.swift; path = AppDelegate.swift; sourceTree = "<group>"; };
		8943DB2D1D39844E00B7390A /* ViewController.swift */ = {isa = PBXFileReference; lastKnownFileType = sourcecode.swift; path = ViewController.swift; sourceTree = "<group>"; };
		8943DB301D39844E00B7390A /* Base */ = {isa = PBXFileReference; lastKnownFileType = file.storyboard; name = Base; path = Base.lproj/Main.storyboard; sourceTree = "<group>"; };
		8943DB331D39844E00B7390A /* Campanero.xcdatamodel */ = {isa = PBXFileReference; lastKnownFileType = wrapper.xcdatamodel; path = Campanero.xcdatamodel; sourceTree = "<group>"; };
		8943DB351D39844E00B7390A /* Assets.xcassets */ = {isa = PBXFileReference; lastKnownFileType = folder.assetcatalog; path = Assets.xcassets; sourceTree = "<group>"; };
		8943DB381D39844E00B7390A /* Base */ = {isa = PBXFileReference; lastKnownFileType = file.storyboard; name = Base; path = Base.lproj/LaunchScreen.storyboard; sourceTree = "<group>"; };
		8943DB3A1D39844E00B7390A /* Info.plist */ = {isa = PBXFileReference; lastKnownFileType = text.plist.xml; path = Info.plist; sourceTree = "<group>"; };
		8943DB3F1D39844E00B7390A /* CampaneroTests.xctest */ = {isa = PBXFileReference; explicitFileType = wrapper.cfbundle; includeInIndex = 0; path = CampaneroTests.xctest; sourceTree = BUILT_PRODUCTS_DIR; };
		8943DB431D39844E00B7390A /* CampaneroTests.swift */ = {isa = PBXFileReference; lastKnownFileType = sourcecode.swift; path = CampaneroTests.swift; sourceTree = "<group>"; };
		8943DB451D39844E00B7390A /* Info.plist */ = {isa = PBXFileReference; lastKnownFileType = text.plist.xml; path = Info.plist; sourceTree = "<group>"; };
		8943DB4A1D39844E00B7390A /* CampaneroUITests.xctest */ = {isa = PBXFileReference; explicitFileType = wrapper.cfbundle; includeInIndex = 0; path = CampaneroUITests.xctest; sourceTree = BUILT_PRODUCTS_DIR; };
		8943DB4E1D39844E00B7390A /* CampaneroUITests.swift */ = {isa = PBXFileReference; lastKnownFileType = sourcecode.swift; path = CampaneroUITests.swift; sourceTree = "<group>"; };
		8943DB501D39844E00B7390A /* Info.plist */ = {isa = PBXFileReference; lastKnownFileType = text.plist.xml; path = Info.plist; sourceTree = "<group>"; };
		8943DB5C1D3B22CC00B7390A /* 1 Launch screen.png */ = {isa = PBXFileReference; lastKnownFileType = image.png; path = "1 Launch screen.png"; sourceTree = "<group>"; };
		A1BEAB35D3AE8A1C521C126F /* Pods-Campanero.release.xcconfig */ = {isa = PBXFileReference; includeInIndex = 1; lastKnownFileType = text.xcconfig; name = "Pods-Campanero.release.xcconfig"; path = "Pods/Target Support Files/Pods-Campanero/Pods-Campanero.release.xcconfig"; sourceTree = "<group>"; };
		F94E3B56F29BD16A4A9A2677 /* Pods-Campanero.debug.xcconfig */ = {isa = PBXFileReference; includeInIndex = 1; lastKnownFileType = text.xcconfig; name = "Pods-Campanero.debug.xcconfig"; path = "Pods/Target Support Files/Pods-Campanero/Pods-Campanero.debug.xcconfig"; sourceTree = "<group>"; };
/* End PBXFileReference section */

/* Begin PBXFrameworksBuildPhase section */
		8943DB251D39844D00B7390A /* Frameworks */ = {
			isa = PBXFrameworksBuildPhase;
			buildActionMask = 2147483647;
			files = (
				64FBC21B625C43E58F2F24B4 /* Pods_Campanero.framework in Frameworks */,
			);
			runOnlyForDeploymentPostprocessing = 0;
		};
		8943DB3C1D39844E00B7390A /* Frameworks */ = {
			isa = PBXFrameworksBuildPhase;
			buildActionMask = 2147483647;
			files = (
			);
			runOnlyForDeploymentPostprocessing = 0;
		};
		8943DB471D39844E00B7390A /* Frameworks */ = {
			isa = PBXFrameworksBuildPhase;
			buildActionMask = 2147483647;
			files = (
			);
			runOnlyForDeploymentPostprocessing = 0;
		};
/* End PBXFrameworksBuildPhase section */

/* Begin PBXGroup section */
		3249038F7E84922A4043172D /* Frameworks */ = {
			isa = PBXGroup;
			children = (
				12D52F425CC5336CE0EC7D9C /* Pods_Campanero.framework */,
			);
			name = Frameworks;
			sourceTree = "<group>";
		};
		34B3A4B20215BEB305B9E36C /* Pods */ = {
			isa = PBXGroup;
			children = (
				F94E3B56F29BD16A4A9A2677 /* Pods-Campanero.debug.xcconfig */,
				A1BEAB35D3AE8A1C521C126F /* Pods-Campanero.release.xcconfig */,
			);
			name = Pods;
			sourceTree = "<group>";
		};
		8943DB1F1D39844D00B7390A = {
			isa = PBXGroup;
			children = (
				8943DB2A1D39844E00B7390A /* Campanero */,
				8943DB421D39844E00B7390A /* CampaneroTests */,
				8943DB4D1D39844E00B7390A /* CampaneroUITests */,
				8943DB291D39844D00B7390A /* Products */,
				34B3A4B20215BEB305B9E36C /* Pods */,
				3249038F7E84922A4043172D /* Frameworks */,
			);
			sourceTree = "<group>";
		};
		8943DB291D39844D00B7390A /* Products */ = {
			isa = PBXGroup;
			children = (
				8943DB281D39844D00B7390A /* Campanero.app */,
				8943DB3F1D39844E00B7390A /* CampaneroTests.xctest */,
				8943DB4A1D39844E00B7390A /* CampaneroUITests.xctest */,
			);
			name = Products;
			sourceTree = "<group>";
		};
		8943DB2A1D39844E00B7390A /* Campanero */ = {
			isa = PBXGroup;
			children = (
				8943DB2B1D39844E00B7390A /* AppDelegate.swift */,
				8943DB2D1D39844E00B7390A /* ViewController.swift */,
				8943DB2F1D39844E00B7390A /* Main.storyboard */,
				8943DB351D39844E00B7390A /* Assets.xcassets */,
				8943DB371D39844E00B7390A /* LaunchScreen.storyboard */,
				8943DB5C1D3B22CC00B7390A /* 1 Launch screen.png */,
				8943DB3A1D39844E00B7390A /* Info.plist */,
				8943DB321D39844E00B7390A /* Campanero.xcdatamodeld */,
			);
			path = Campanero;
			sourceTree = "<group>";
		};
		8943DB421D39844E00B7390A /* CampaneroTests */ = {
			isa = PBXGroup;
			children = (
				8943DB431D39844E00B7390A /* CampaneroTests.swift */,
				8943DB451D39844E00B7390A /* Info.plist */,
			);
			path = CampaneroTests;
			sourceTree = "<group>";
		};
		8943DB4D1D39844E00B7390A /* CampaneroUITests */ = {
			isa = PBXGroup;
			children = (
				8943DB4E1D39844E00B7390A /* CampaneroUITests.swift */,
				8943DB501D39844E00B7390A /* Info.plist */,
			);
			path = CampaneroUITests;
			sourceTree = "<group>";
		};
/* End PBXGroup section */

/* Begin PBXNativeTarget section */
		8943DB271D39844D00B7390A /* Campanero */ = {
			isa = PBXNativeTarget;
			buildConfigurationList = 8943DB531D39844E00B7390A /* Build configuration list for PBXNativeTarget "Campanero" */;
			buildPhases = (
				919A76EA392ABBCB921CDE26 /* [CP] Check Pods Manifest.lock */,
				8943DB241D39844D00B7390A /* Sources */,
				8943DB251D39844D00B7390A /* Frameworks */,
				8943DB261D39844D00B7390A /* Resources */,
				525FABDB9AA45A4A9AF97787 /* [CP] Embed Pods Frameworks */,
				5DA7A0B5B91FCA3C312B6122 /* [CP] Copy Pods Resources */,
			);
			buildRules = (
			);
			dependencies = (
			);
			name = Campanero;
			productName = Campanero;
			productReference = 8943DB281D39844D00B7390A /* Campanero.app */;
			productType = "com.apple.product-type.application";
		};
		8943DB3E1D39844E00B7390A /* CampaneroTests */ = {
			isa = PBXNativeTarget;
			buildConfigurationList = 8943DB561D39844E00B7390A /* Build configuration list for PBXNativeTarget "CampaneroTests" */;
			buildPhases = (
				8943DB3B1D39844E00B7390A /* Sources */,
				8943DB3C1D39844E00B7390A /* Frameworks */,
				8943DB3D1D39844E00B7390A /* Resources */,
			);
			buildRules = (
			);
			dependencies = (
				8943DB411D39844E00B7390A /* PBXTargetDependency */,
			);
			name = CampaneroTests;
			productName = CampaneroTests;
			productReference = 8943DB3F1D39844E00B7390A /* CampaneroTests.xctest */;
			productType = "com.apple.product-type.bundle.unit-test";
		};
		8943DB491D39844E00B7390A /* CampaneroUITests */ = {
			isa = PBXNativeTarget;
			buildConfigurationList = 8943DB591D39844E00B7390A /* Build configuration list for PBXNativeTarget "CampaneroUITests" */;
			buildPhases = (
				8943DB461D39844E00B7390A /* Sources */,
				8943DB471D39844E00B7390A /* Frameworks */,
				8943DB481D39844E00B7390A /* Resources */,
			);
			buildRules = (
			);
			dependencies = (
				8943DB4C1D39844E00B7390A /* PBXTargetDependency */,
			);
			name = CampaneroUITests;
			productName = CampaneroUITests;
			productReference = 8943DB4A1D39844E00B7390A /* CampaneroUITests.xctest */;
			productType = "com.apple.product-type.bundle.ui-testing";
		};
/* End PBXNativeTarget section */

/* Begin PBXProject section */
		8943DB201D39844D00B7390A /* Project object */ = {
			isa = PBXProject;
			attributes = {
				LastSwiftUpdateCheck = 0730;
				LastUpgradeCheck = 0730;
				ORGANIZATIONNAME = Nebusens;
				TargetAttributes = {
					8943DB271D39844D00B7390A = {
						CreatedOnToolsVersion = 7.3.1;
					};
					8943DB3E1D39844E00B7390A = {
						CreatedOnToolsVersion = 7.3.1;
						TestTargetID = 8943DB271D39844D00B7390A;
					};
					8943DB491D39844E00B7390A = {
						CreatedOnToolsVersion = 7.3.1;
						TestTargetID = 8943DB271D39844D00B7390A;
					};
				};
			};
			buildConfigurationList = 8943DB231D39844D00B7390A /* Build configuration list for PBXProject "Campanero" */;
			compatibilityVersion = "Xcode 3.2";
			developmentRegion = English;
			hasScannedForEncodings = 0;
			knownRegions = (
				en,
				Base,
			);
			mainGroup = 8943DB1F1D39844D00B7390A;
			productRefGroup = 8943DB291D39844D00B7390A /* Products */;
			projectDirPath = "";
			projectRoot = "";
			targets = (
				8943DB271D39844D00B7390A /* Campanero */,
				8943DB3E1D39844E00B7390A /* CampaneroTests */,
				8943DB491D39844E00B7390A /* CampaneroUITests */,
			);
		};
/* End PBXProject section */

/* Begin PBXResourcesBuildPhase section */
		8943DB261D39844D00B7390A /* Resources */ = {
			isa = PBXResourcesBuildPhase;
			buildActionMask = 2147483647;
			files = (
				8943DB391D39844E00B7390A /* LaunchScreen.storyboard in Resources */,
				8943DB361D39844E00B7390A /* Assets.xcassets in Resources */,
				8943DB5D1D3B22CC00B7390A /* 1 Launch screen.png in Resources */,
				8943DB311D39844E00B7390A /* Main.storyboard in Resources */,
			);
			runOnlyForDeploymentPostprocessing = 0;
		};
		8943DB3D1D39844E00B7390A /* Resources */ = {
			isa = PBXResourcesBuildPhase;
			buildActionMask = 2147483647;
			files = (
			);
			runOnlyForDeploymentPostprocessing = 0;
		};
		8943DB481D39844E00B7390A /* Resources */ = {
			isa = PBXResourcesBuildPhase;
			buildActionMask = 2147483647;
			files = (
			);
			runOnlyForDeploymentPostprocessing = 0;
		};
/* End PBXResourcesBuildPhase section */

/* Begin PBXShellScriptBuildPhase section */
		525FABDB9AA45A4A9AF97787 /* [CP] Embed Pods Frameworks */ = {
			isa = PBXShellScriptBuildPhase;
			buildActionMask = 2147483647;
			files = (
			);
			inputPaths = (
			);
			name = "[CP] Embed Pods Frameworks";
			outputPaths = (
			);
			runOnlyForDeploymentPostprocessing = 0;
			shellPath = /bin/sh;
			shellScript = "\"${SRCROOT}/Pods/Target Support Files/Pods-Campanero/Pods-Campanero-frameworks.sh\"\n";
			showEnvVarsInLog = 0;
		};
		5DA7A0B5B91FCA3C312B6122 /* [CP] Copy Pods Resources */ = {
			isa = PBXShellScriptBuildPhase;
			buildActionMask = 2147483647;
			files = (
			);
			inputPaths = (
			);
			name = "[CP] Copy Pods Resources";
			outputPaths = (
			);
			runOnlyForDeploymentPostprocessing = 0;
			shellPath = /bin/sh;
			shellScript = "\"${SRCROOT}/Pods/Target Support Files/Pods-Campanero/Pods-Campanero-resources.sh\"\n";
			showEnvVarsInLog = 0;
		};
		919A76EA392ABBCB921CDE26 /* [CP] Check Pods Manifest.lock */ = {
			isa = PBXShellScriptBuildPhase;
			buildActionMask = 2147483647;
			files = (
			);
			inputPaths = (
			);
			name = "[CP] Check Pods Manifest.lock";
			outputPaths = (
			);
			runOnlyForDeploymentPostprocessing = 0;
			shellPath = /bin/sh;
			shellScript = "diff \"${PODS_ROOT}/../Podfile.lock\" \"${PODS_ROOT}/Manifest.lock\" > /dev/null\nif [[ $? != 0 ]] ; then\n    cat << EOM\nerror: The sandbox is not in sync with the Podfile.lock. Run 'pod install' or update your CocoaPods installation.\nEOM\n    exit 1\nfi\n";
			showEnvVarsInLog = 0;
		};
/* End PBXShellScriptBuildPhase section */

/* Begin PBXSourcesBuildPhase section */
		8943DB241D39844D00B7390A /* Sources */ = {
			isa = PBXSourcesBuildPhase;
			buildActionMask = 2147483647;
			files = (
				8943DB341D39844E00B7390A /* Campanero.xcdatamodeld in Sources */,
				8943DB2E1D39844E00B7390A /* ViewController.swift in Sources */,
				8943DB2C1D39844E00B7390A /* AppDelegate.swift in Sources */,
			);
			runOnlyForDeploymentPostprocessing = 0;
		};
		8943DB3B1D39844E00B7390A /* Sources */ = {
			isa = PBXSourcesBuildPhase;
			buildActionMask = 2147483647;
			files = (
				8943DB441D39844E00B7390A /* CampaneroTests.swift in Sources */,
			);
			runOnlyForDeploymentPostprocessing = 0;
		};
		8943DB461D39844E00B7390A /* Sources */ = {
			isa = PBXSourcesBuildPhase;
			buildActionMask = 2147483647;
			files = (
				8943DB4F1D39844E00B7390A /* CampaneroUITests.swift in Sources */,
			);
			runOnlyForDeploymentPostprocessing = 0;
		};
/* End PBXSourcesBuildPhase section */

/* Begin PBXTargetDependency section */
		8943DB411D39844E00B7390A /* PBXTargetDependency */ = {
			isa = PBXTargetDependency;
			target = 8943DB271D39844D00B7390A /* Campanero */;
			targetProxy = 8943DB401D39844E00B7390A /* PBXContainerItemProxy */;
		};
		8943DB4C1D39844E00B7390A /* PBXTargetDependency */ = {
			isa = PBXTargetDependency;
			target = 8943DB271D39844D00B7390A /* Campanero */;
			targetProxy = 8943DB4B1D39844E00B7390A /* PBXContainerItemProxy */;
		};
/* End PBXTargetDependency section */

/* Begin PBXVariantGroup section */
		8943DB2F1D39844E00B7390A /* Main.storyboard */ = {
			isa = PBXVariantGroup;
			children = (
				8943DB301D39844E00B7390A /* Base */,
			);
			name = Main.storyboard;
			sourceTree = "<group>";
		};
		8943DB371D39844E00B7390A /* LaunchScreen.storyboard */ = {
			isa = PBXVariantGroup;
			children = (
				8943DB381D39844E00B7390A /* Base */,
			);
			name = LaunchScreen.storyboard;
			sourceTree = "<group>";
		};
/* End PBXVariantGroup section */

/* Begin XCBuildConfiguration section */
		8943DB511D39844E00B7390A /* Debug */ = {
			isa = XCBuildConfiguration;
			buildSettings = {
				ALWAYS_SEARCH_USER_PATHS = NO;
				CLANG_ANALYZER_NONNULL = YES;
				CLANG_CXX_LANGUAGE_STANDARD = "gnu++0x";
				CLANG_CXX_LIBRARY = "libc++";
				CLANG_ENABLE_MODULES = YES;
				CLANG_ENABLE_OBJC_ARC = YES;
				CLANG_WARN_BOOL_CONVERSION = YES;
				CLANG_WARN_CONSTANT_CONVERSION = YES;
				CLANG_WARN_DIRECT_OBJC_ISA_USAGE = YES_ERROR;
				CLANG_WARN_EMPTY_BODY = YES;
				CLANG_WARN_ENUM_CONVERSION = YES;
				CLANG_WARN_INT_CONVERSION = YES;
				CLANG_WARN_OBJC_ROOT_CLASS = YES_ERROR;
				CLANG_WARN_UNREACHABLE_CODE = YES;
				CLANG_WARN__DUPLICATE_METHOD_MATCH = YES;
				"CODE_SIGN_IDENTITY[sdk=iphoneos*]" = "iPhone Developer";
				COPY_PHASE_STRIP = NO;
				DEBUG_INFORMATION_FORMAT = dwarf;
				ENABLE_STRICT_OBJC_MSGSEND = YES;
				ENABLE_TESTABILITY = YES;
				GCC_C_LANGUAGE_STANDARD = gnu99;
				GCC_DYNAMIC_NO_PIC = NO;
				GCC_NO_COMMON_BLOCKS = YES;
				GCC_OPTIMIZATION_LEVEL = 0;
				GCC_PREPROCESSOR_DEFINITIONS = (
					"DEBUG=1",
					"$(inherited)",
				);
				GCC_WARN_64_TO_32_BIT_CONVERSION = YES;
				GCC_WARN_ABOUT_RETURN_TYPE = YES_ERROR;
				GCC_WARN_UNDECLARED_SELECTOR = YES;
				GCC_WARN_UNINITIALIZED_AUTOS = YES_AGGRESSIVE;
				GCC_WARN_UNUSED_FUNCTION = YES;
				GCC_WARN_UNUSED_VARIABLE = YES;
				IPHONEOS_DEPLOYMENT_TARGET = 9.3;
				MTL_ENABLE_DEBUG_INFO = YES;
				ONLY_ACTIVE_ARCH = YES;
				SDKROOT = iphoneos;
				SWIFT_OPTIMIZATION_LEVEL = "-Onone";
				TARGETED_DEVICE_FAMILY = "1,2";
			};
			name = Debug;
		};
		8943DB521D39844E00B7390A /* Release */ = {
			isa = XCBuildConfiguration;
			buildSettings = {
				ALWAYS_SEARCH_USER_PATHS = NO;
				CLANG_ANALYZER_NONNULL = YES;
				CLANG_CXX_LANGUAGE_STANDARD = "gnu++0x";
				CLANG_CXX_LIBRARY = "libc++";
				CLANG_ENABLE_MODULES = YES;
				CLANG_ENABLE_OBJC_ARC = YES;
				CLANG_WARN_BOOL_CONVERSION = YES;
				CLANG_WARN_CONSTANT_CONVERSION = YES;
				CLANG_WARN_DIRECT_OBJC_ISA_USAGE = YES_ERROR;
				CLANG_WARN_EMPTY_BODY = YES;
				CLANG_WARN_ENUM_CONVERSION = YES;
				CLANG_WARN_INT_CONVERSION = YES;
				CLANG_WARN_OBJC_ROOT_CLASS = YES_ERROR;
				CLANG_WARN_UNREACHABLE_CODE = YES;
				CLANG_WARN__DUPLICATE_METHOD_MATCH = YES;
				"CODE_SIGN_IDENTITY[sdk=iphoneos*]" = "iPhone Developer";
				COPY_PHASE_STRIP = NO;
				DEBUG_INFORMATION_FORMAT = "dwarf-with-dsym";
				ENABLE_NS_ASSERTIONS = NO;
				ENABLE_STRICT_OBJC_MSGSEND = YES;
				GCC_C_LANGUAGE_STANDARD = gnu99;
				GCC_NO_COMMON_BLOCKS = YES;
				GCC_WARN_64_TO_32_BIT_CONVERSION = YES;
				GCC_WARN_ABOUT_RETURN_TYPE = YES_ERROR;
				GCC_WARN_UNDECLARED_SELECTOR = YES;
				GCC_WARN_UNINITIALIZED_AUTOS = YES_AGGRESSIVE;
				GCC_WARN_UNUSED_FUNCTION = YES;
				GCC_WARN_UNUSED_VARIABLE = YES;
				IPHONEOS_DEPLOYMENT_TARGET = 9.3;
				MTL_ENABLE_DEBUG_INFO = NO;
				SDKROOT = iphoneos;
				TARGETED_DEVICE_FAMILY = "1,2";
				VALIDATE_PRODUCT = YES;
			};
			name = Release;
		};
		8943DB541D39844E00B7390A /* Debug */ = {
			isa = XCBuildConfiguration;
			baseConfigurationReference = F94E3B56F29BD16A4A9A2677 /* Pods-Campanero.debug.xcconfig */;
			buildSettings = {
				ASSETCATALOG_COMPILER_APPICON_NAME = AppIcon;
				INFOPLIST_FILE = Campanero/Info.plist;
				LD_RUNPATH_SEARCH_PATHS = "$(inherited) @executable_path/Frameworks";
				PRODUCT_BUNDLE_IDENTIFIER = "Oscar-AC.Campanero";
				PRODUCT_NAME = "$(TARGET_NAME)";
			};
			name = Debug;
		};
		8943DB551D39844E00B7390A /* Release */ = {
			isa = XCBuildConfiguration;
			baseConfigurationReference = A1BEAB35D3AE8A1C521C126F /* Pods-Campanero.release.xcconfig */;
			buildSettings = {
				ASSETCATALOG_COMPILER_APPICON_NAME = AppIcon;
				INFOPLIST_FILE = Campanero/Info.plist;
				LD_RUNPATH_SEARCH_PATHS = "$(inherited) @executable_path/Frameworks";
				PRODUCT_BUNDLE_IDENTIFIER = "Oscar-AC.Campanero";
				PRODUCT_NAME = "$(TARGET_NAME)";
			};
			name = Release;
		};
		8943DB571D39844E00B7390A /* Debug */ = {
			isa = XCBuildConfiguration;
			buildSettings = {
				BUNDLE_LOADER = "$(TEST_HOST)";
				INFOPLIST_FILE = CampaneroTests/Info.plist;
				LD_RUNPATH_SEARCH_PATHS = "$(inherited) @executable_path/Frameworks @loader_path/Frameworks";
				PRODUCT_BUNDLE_IDENTIFIER = "Oscar-AC.CampaneroTests";
				PRODUCT_NAME = "$(TARGET_NAME)";
				TEST_HOST = "$(BUILT_PRODUCTS_DIR)/Campanero.app/Campanero";
			};
			name = Debug;
		};
		8943DB581D39844E00B7390A /* Release */ = {
			isa = XCBuildConfiguration;
			buildSettings = {
				BUNDLE_LOADER = "$(TEST_HOST)";
				INFOPLIST_FILE = CampaneroTests/Info.plist;
				LD_RUNPATH_SEARCH_PATHS = "$(inherited) @executable_path/Frameworks @loader_path/Frameworks";
				PRODUCT_BUNDLE_IDENTIFIER = "Oscar-AC.CampaneroTests";
				PRODUCT_NAME = "$(TARGET_NAME)";
				TEST_HOST = "$(BUILT_PRODUCTS_DIR)/Campanero.app/Campanero";
			};
			name = Release;
		};
		8943DB5A1D39844E00B7390A /* Debug */ = {
			isa = XCBuildConfiguration;
			buildSettings = {
				INFOPLIST_FILE = CampaneroUITests/Info.plist;
				LD_RUNPATH_SEARCH_PATHS = "$(inherited) @executable_path/Frameworks @loader_path/Frameworks";
				PRODUCT_BUNDLE_IDENTIFIER = "Oscar-AC.CampaneroUITests";
				PRODUCT_NAME = "$(TARGET_NAME)";
				TEST_TARGET_NAME = Campanero;
			};
			name = Debug;
		};
		8943DB5B1D39844E00B7390A /* Release */ = {
			isa = XCBuildConfiguration;
			buildSettings = {
				INFOPLIST_FILE = CampaneroUITests/Info.plist;
				LD_RUNPATH_SEARCH_PATHS = "$(inherited) @executable_path/Frameworks @loader_path/Frameworks";
				PRODUCT_BUNDLE_IDENTIFIER = "Oscar-AC.CampaneroUITests";
				PRODUCT_NAME = "$(TARGET_NAME)";
				TEST_TARGET_NAME = Campanero;
			};
			name = Release;
		};
/* End XCBuildConfiguration section */

/* Begin XCConfigurationList section */
		8943DB231D39844D00B7390A /* Build configuration list for PBXProject "Campanero" */ = {
			isa = XCConfigurationList;
			buildConfigurations = (
				8943DB511D39844E00B7390A /* Debug */,
				8943DB521D39844E00B7390A /* Release */,
			);
			defaultConfigurationIsVisible = 0;
			defaultConfigurationName = Release;
		};
		8943DB531D39844E00B7390A /* Build configuration list for PBXNativeTarget "Campanero" */ = {
			isa = XCConfigurationList;
			buildConfigurations = (
				8943DB541D39844E00B7390A /* Debug */,
				8943DB551D39844E00B7390A /* Release */,
			);
			defaultConfigurationIsVisible = 0;
			defaultConfigurationName = Release;
		};
		8943DB561D39844E00B7390A /* Build configuration list for PBXNativeTarget "CampaneroTests" */ = {
			isa = XCConfigurationList;
			buildConfigurations = (
				8943DB571D39844E00B7390A /* Debug */,
				8943DB581D39844E00B7390A /* Release */,
			);
			defaultConfigurationIsVisible = 0;
			defaultConfigurationName = Release;
		};
		8943DB591D39844E00B7390A /* Build configuration list for PBXNativeTarget "CampaneroUITests" */ = {
			isa = XCConfigurationList;
			buildConfigurations = (
				8943DB5A1D39844E00B7390A /* Debug */,
				8943DB5B1D39844E00B7390A /* Release */,
			);
			defaultConfigurationIsVisible = 0;
			defaultConfigurationName = Release;
		};
/* End XCConfigurationList section */

/* Begin XCVersionGroup section */
		8943DB321D39844E00B7390A /* Campanero.xcdatamodeld */ = {
			isa = XCVersionGroup;
			children = (
				8943DB331D39844E00B7390A /* Campanero.xcdatamodel */,
			);
			currentVersion = 8943DB331D39844E00B7390A /* Campanero.xcdatamodel */;
			path = Campanero.xcdatamodeld;
			sourceTree = "<group>";
			versionGroupType = wrapper.xcdatamodel;
		};
/* End XCVersionGroup section */
	};
	rootObject = 8943DB201D39844D00B7390A /* Project object */;
}
